
Microsoft Visual Studio Solution File, Format Version 12.00
# Visual Studio Version 17
VisualStudioVersion = 17.6.33927.249
MinimumVisualStudioVersion = 10.0.40219.1
Project("{FAE04EC0-301F-11D3-BF4B-00C04F79EFBC}") = "FundooNoteApp", "FundooNoteApp.csproj", "{9DD31CFB-070E-4677-884A-8E943AAA8CFF}"
EndProject
Global
	GlobalSection(SolutionConfigurationPlatforms) = preSolution
		Debug|Any CPU = Debug|Any CPU
		Release|Any CPU = Release|Any CPU
	EndGlobalSection
	GlobalSection(ProjectConfigurationPlatforms) = postSolution
		{9DD31CFB-070E-4677-884A-8E943AAA8CFF}.Debug|Any CPU.ActiveCfg = Debug|Any CPU
		{9DD31CFB-070E-4677-884A-8E943AAA8CFF}.Debug|Any CPU.Build.0 = Debug|Any CPU
		{9DD31CFB-070E-4677-884A-8E943AAA8CFF}.Release|Any CPU.ActiveCfg = Release|Any CPU
		{9DD31CFB-070E-4677-884A-8E943AAA8CFF}.Release|Any CPU.Build.0 = Release|Any CPU
	EndGlobalSection
	GlobalSection(SolutionProperties) = preSolution
		HideSolutionNode = FALSE
	EndGlobalSection
	GlobalSection(ExtensibilityGlobals) = postSolution
		SolutionGuid = {C52D7983-2B90-4E6F-9936-902173887381}
	EndGlobalSection
EndGlobal
